// !$*UTF8*$!
{
	archiveVersion = 1;
	classes = {
	};
	objectVersion = 77;
	objects = {

/* Begin PBXBuildFile section */
		937B9F3F2F2023AC00C08885 /* CalicCollectionV2App.swift in Sources */ = {isa = PBXBuildFile; fileRef = 937B9F3E2F2023AC00C08885 /* CalicCollectionV2App.swift */; };
		937B9F412F2023AC00C08885 /* ContentView.swift in Sources */ = {isa = PBXBuildFile; fileRef = 937B9F402F2023AC00C08885 /* ContentView.swift */; };
		937B9F742F20247B00C08885 /* FamilyResponse.swift in Sources */ = {isa = PBXBuildFile; fileRef = 937B9F732F20247800C08885 /* FamilyResponse.swift */; };
		937B9F762F20248C00C08885 /* VariantResponse.swift in Sources */ = {isa = PBXBuildFile; fileRef = 937B9F752F20248700C08885 /* VariantResponse.swift */; };
		937B9F782F20249B00C08885 /* CritterResponse.swift in Sources */ = {isa = PBXBuildFile; fileRef = 937B9F772F20249800C08885 /* CritterResponse.swift */; };
		937B9F7A2F2024F100C08885 /* Critter.swift in Sources */ = {isa = PBXBuildFile; fileRef = 937B9F792F2024EF00C08885 /* Critter.swift */; };
		937B9F7C2F2024FB00C08885 /* CritterVariant.swift in Sources */ = {isa = PBXBuildFile; fileRef = 937B9F7B2F2024F800C08885 /* CritterVariant.swift */; };
		937B9F7E2F20250300C08885 /* Family.swift in Sources */ = {isa = PBXBuildFile; fileRef = 937B9F7D2F20250200C08885 /* Family.swift */; };
		937B9F802F20250A00C08885 /* OwnedVariant.swift in Sources */ = {isa = PBXBuildFile; fileRef = 937B9F7F2F20250800C08885 /* OwnedVariant.swift */; };
		937B9F822F20254B00C08885 /* CritterStatus.swift in Sources */ = {isa = PBXBuildFile; fileRef = 937B9F812F20254800C08885 /* CritterStatus.swift */; };
		937B9F842F20259400C08885 /* APIService.swift in Sources */ = {isa = PBXBuildFile; fileRef = 937B9F832F20259100C08885 /* APIService.swift */; };
		937B9F862F20259D00C08885 /* SyncService.swift in Sources */ = {isa = PBXBuildFile; fileRef = 937B9F852F20259900C08885 /* SyncService.swift */; };
		937B9F882F20282600C08885 /* SearchView.swift in Sources */ = {isa = PBXBuildFile; fileRef = 937B9F872F20282400C08885 /* SearchView.swift */; };
		937B9F8A2F2028D300C08885 /* VariantPicker.swift in Sources */ = {isa = PBXBuildFile; fileRef = 937B9F892F2028CF00C08885 /* VariantPicker.swift */; };
		937B9F8C2F2028E600C08885 /* CritterDetailView.swift in Sources */ = {isa = PBXBuildFile; fileRef = 937B9F8B2F2028E300C08885 /* CritterDetailView.swift */; };
		937B9F8E2F202A1000C08885 /* FirstSyncView.swift in Sources */ = {isa = PBXBuildFile; fileRef = 937B9F8D2F202A0E00C08885 /* FirstSyncView.swift */; };
		937B9F902F202B7400C08885 /* Config.swift in Sources */ = {isa = PBXBuildFile; fileRef = 937B9F8F2F202B6800C08885 /* Config.swift */; };
		93C461C32F22D4BB00A8F084 /* ToastManager.swift in Sources */ = {isa = PBXBuildFile; fileRef = 93C461C22F22D4B300A8F084 /* ToastManager.swift */; };
		93C461CB2F22D65B00A8F084 /* SettingsView.swift in Sources */ = {isa = PBXBuildFile; fileRef = 93C461CA2F22D65600A8F084 /* SettingsView.swift */; };
		93C461CD2F22EB3400A8F084 /* VariantDetailView.swift in Sources */ = {isa = PBXBuildFile; fileRef = 93C461CC2F22EB3100A8F084 /* VariantDetailView.swift */; };
		93C461CF2F22EC6100A8F084 /* CollectionView.swift in Sources */ = {isa = PBXBuildFile; fileRef = 93C461CE2F22EC5F00A8F084 /* CollectionView.swift */; };
		93C461D12F22EE1C00A8F084 /* OwnedVariantsView.swift in Sources */ = {isa = PBXBuildFile; fileRef = 93C461D02F22EE1800A8F084 /* OwnedVariantsView.swift */; };
		93C461D42F22EE4A00A8F084 /* WishlistView.swift in Sources */ = {isa = PBXBuildFile; fileRef = 93C461D32F22EE4700A8F084 /* WishlistView.swift */; };
		93C461D62F22EF5500A8F084 /* StatsView.swift in Sources */ = {isa = PBXBuildFile; fileRef = 93C461D52F22EF5300A8F084 /* StatsView.swift */; };
		93C461D82F22F02600A8F084 /* CollectionComponents.swift in Sources */ = {isa = PBXBuildFile; fileRef = 93C461D72F22F02300A8F084 /* CollectionComponents.swift */; };
		93C461E22F2511DA00A8F084 /* FamilyDetailView.swift in Sources */ = {isa = PBXBuildFile; fileRef = 93C461E12F2511DA00A8F084 /* FamilyDetailView.swift */; };
		93C461E42F251D5400A8F084 /* SetResponse.swift in Sources */ = {isa = PBXBuildFile; fileRef = 93C461E32F251D5400A8F084 /* SetResponse.swift */; };
		93C461E62F251D6600A8F084 /* BarcodeScannerView.swift in Sources */ = {isa = PBXBuildFile; fileRef = 93C461E52F251D6600A8F084 /* BarcodeScannerView.swift */; };
		93C461E82F251D8200A8F084 /* ScannedSetPickerSheet.swift in Sources */ = {isa = PBXBuildFile; fileRef = 93C461E72F251D8200A8F084 /* ScannedSetPickerSheet.swift */; };
		93C461EA2F2524B300A8F084 /* APIStats.swift in Sources */ = {isa = PBXBuildFile; fileRef = 93C461E92F2524B300A8F084 /* APIStats.swift */; };
		93C461EC2F259F0000A8F084 /* AppSettings.swift in Sources */ = {isa = PBXBuildFile; fileRef = 93C461EB2F259F0000A8F084 /* AppSettings.swift */; };
		93C461EE2F259F2000A8F084 /* PurchaseDetailsSheet.swift in Sources */ = {isa = PBXBuildFile; fileRef = 93C461ED2F259F2000A8F084 /* PurchaseDetailsSheet.swift */; };
		93C461F02F26696700A8F084 /* ImageCacheManager.swift in Sources */ = {isa = PBXBuildFile; fileRef = 93C461EF2F26696700A8F084 /* ImageCacheManager.swift */; };
		93C461F22F26699B00A8F084 /* BackupManager.swift in Sources */ = {isa = PBXBuildFile; fileRef = 93C461F12F26699200A8F084 /* BackupManager.swift */; };
		93C461F62F26AEFB00A8F084 /* AboutView.swift in Sources */ = {isa = PBXBuildFile; fileRef = 93C461F52F26AEFB00A8F084 /* AboutView.swift */; };
		93C462222F26DD9D00A8F084 /* Colours.swift in Sources */ = {isa = PBXBuildFile; fileRef = 93C462212F26DD9B00A8F084 /* Colours.swift */; };
		93C4623C2F26E5B000A8F084 /* VariantPhoto.swift in Sources */ = {isa = PBXBuildFile; fileRef = 93C4623B2F26E5B000A8F084 /* VariantPhoto.swift */; };
		93C4623E2F26E5E200A8F084 /* PhotoPickerSheet.swift in Sources */ = {isa = PBXBuildFile; fileRef = 93C4623D2F26E5E200A8F084 /* PhotoPickerSheet.swift */; };
		93C462402F26E5EC00A8F084 /* PhotoGallerySection.swift in Sources */ = {isa = PBXBuildFile; fileRef = 93C4623F2F26E5EC00A8F084 /* PhotoGallerySection.swift */; };
		93C462422F26E5F800A8F084 /* PhotoDetailView.swift in Sources */ = {isa = PBXBuildFile; fileRef = 93C462412F26E5F800A8F084 /* PhotoDetailView.swift */; };
		93C462442F26E8C400A8F084 /* VariantPhoto+Helpers.swift in Sources */ = {isa = PBXBuildFile; fileRef = 93C462432F26E8BD00A8F084 /* VariantPhoto+Helpers.swift */; };
		93C4625E2F27B6D400A8F084 /* CachedAsyncImage.swift in Sources */ = {isa = PBXBuildFile; fileRef = 93C4625D2F27B6D400A8F084 /* CachedAsyncImage.swift */; };
		93C462782F27F31C00A8F084 /* CritterExtensions.swift in Sources */ = {isa = PBXBuildFile; fileRef = 93C462772F27F31500A8F084 /* CritterExtensions.swift */; };
/* End PBXBuildFile section */

/* Begin PBXContainerItemProxy section */
		937B9F4B2F2023AD00C08885 /* PBXContainerItemProxy */ = {
			isa = PBXContainerItemProxy;
			containerPortal = 937B9F332F2023AC00C08885 /* Project object */;
			proxyType = 1;
			remoteGlobalIDString = 937B9F3A2F2023AC00C08885;
			remoteInfo = CalicCollectionV2;
		};
		937B9F552F2023AD00C08885 /* PBXContainerItemProxy */ = {
			isa = PBXContainerItemProxy;
			containerPortal = 937B9F332F2023AC00C08885 /* Project object */;
			proxyType = 1;
			remoteGlobalIDString = 937B9F3A2F2023AC00C08885;
			remoteInfo = CalicCollectionV2;
		};
/* End PBXContainerItemProxy section */

/* Begin PBXFileReference section */
		937B9F3B2F2023AC00C08885 /* CalicCollectionV2.app */ = {isa = PBXFileReference; explicitFileType = wrapper.application; includeInIndex = 0; path = CalicCollectionV2.app; sourceTree = BUILT_PRODUCTS_DIR; };
		937B9F3E2F2023AC00C08885 /* CalicCollectionV2App.swift */ = {isa = PBXFileReference; lastKnownFileType = sourcecode.swift; path = CalicCollectionV2App.swift; sourceTree = "<group>"; };
		937B9F402F2023AC00C08885 /* ContentView.swift */ = {isa = PBXFileReference; lastKnownFileType = sourcecode.swift; path = ContentView.swift; sourceTree = "<group>"; };
		937B9F4A2F2023AD00C08885 /* CalicCollectionV2Tests.xctest */ = {isa = PBXFileReference; explicitFileType = wrapper.cfbundle; includeInIndex = 0; path = CalicCollectionV2Tests.xctest; sourceTree = BUILT_PRODUCTS_DIR; };
		937B9F542F2023AD00C08885 /* CalicCollectionV2UITests.xctest */ = {isa = PBXFileReference; explicitFileType = wrapper.cfbundle; includeInIndex = 0; path = CalicCollectionV2UITests.xctest; sourceTree = BUILT_PRODUCTS_DIR; };
		937B9F732F20247800C08885 /* FamilyResponse.swift */ = {isa = PBXFileReference; lastKnownFileType = sourcecode.swift; path = FamilyResponse.swift; sourceTree = "<group>"; };
		937B9F752F20248700C08885 /* VariantResponse.swift */ = {isa = PBXFileReference; lastKnownFileType = sourcecode.swift; path = VariantResponse.swift; sourceTree = "<group>"; };
		937B9F772F20249800C08885 /* CritterResponse.swift */ = {isa = PBXFileReference; lastKnownFileType = sourcecode.swift; path = CritterResponse.swift; sourceTree = "<group>"; };
		937B9F792F2024EF00C08885 /* Critter.swift */ = {isa = PBXFileReference; lastKnownFileType = sourcecode.swift; path = Critter.swift; sourceTree = "<group>"; };
		937B9F7B2F2024F800C08885 /* CritterVariant.swift */ = {isa = PBXFileReference; lastKnownFileType = sourcecode.swift; path = CritterVariant.swift; sourceTree = "<group>"; };
		937B9F7D2F20250200C08885 /* Family.swift */ = {isa = PBXFileReference; lastKnownFileType = sourcecode.swift; path = Family.swift; sourceTree = "<group>"; };
		937B9F7F2F20250800C08885 /* OwnedVariant.swift */ = {isa = PBXFileReference; lastKnownFileType = sourcecode.swift; path = OwnedVariant.swift; sourceTree = "<group>"; };
		937B9F812F20254800C08885 /* CritterStatus.swift */ = {isa = PBXFileReference; lastKnownFileType = sourcecode.swift; path = CritterStatus.swift; sourceTree = "<group>"; };
		937B9F832F20259100C08885 /* APIService.swift */ = {isa = PBXFileReference; lastKnownFileType = sourcecode.swift; path = APIService.swift; sourceTree = "<group>"; };
		937B9F852F20259900C08885 /* SyncService.swift */ = {isa = PBXFileReference; lastKnownFileType = sourcecode.swift; path = SyncService.swift; sourceTree = "<group>"; };
		937B9F872F20282400C08885 /* SearchView.swift */ = {isa = PBXFileReference; lastKnownFileType = sourcecode.swift; path = SearchView.swift; sourceTree = "<group>"; };
		937B9F892F2028CF00C08885 /* VariantPicker.swift */ = {isa = PBXFileReference; lastKnownFileType = sourcecode.swift; path = VariantPicker.swift; sourceTree = "<group>"; };
		937B9F8B2F2028E300C08885 /* CritterDetailView.swift */ = {isa = PBXFileReference; lastKnownFileType = sourcecode.swift; path = CritterDetailView.swift; sourceTree = "<group>"; };
		937B9F8D2F202A0E00C08885 /* FirstSyncView.swift */ = {isa = PBXFileReference; lastKnownFileType = sourcecode.swift; path = FirstSyncView.swift; sourceTree = "<group>"; };
		937B9F8F2F202B6800C08885 /* Config.swift */ = {isa = PBXFileReference; lastKnownFileType = sourcecode.swift; path = Config.swift; sourceTree = "<group>"; };
		937B9F912F202C8400C08885 /* info.plist */ = {isa = PBXFileReference; lastKnownFileType = text.plist; path = info.plist; sourceTree = "<group>"; };
		93C461C22F22D4B300A8F084 /* ToastManager.swift */ = {isa = PBXFileReference; lastKnownFileType = sourcecode.swift; path = ToastManager.swift; sourceTree = "<group>"; };
		93C461CA2F22D65600A8F084 /* SettingsView.swift */ = {isa = PBXFileReference; lastKnownFileType = sourcecode.swift; path = SettingsView.swift; sourceTree = "<group>"; };
		93C461CC2F22EB3100A8F084 /* VariantDetailView.swift */ = {isa = PBXFileReference; lastKnownFileType = sourcecode.swift; path = VariantDetailView.swift; sourceTree = "<group>"; };
		93C461CE2F22EC5F00A8F084 /* CollectionView.swift */ = {isa = PBXFileReference; lastKnownFileType = sourcecode.swift; path = CollectionView.swift; sourceTree = "<group>"; };
		93C461D02F22EE1800A8F084 /* OwnedVariantsView.swift */ = {isa = PBXFileReference; lastKnownFileType = sourcecode.swift; path = OwnedVariantsView.swift; sourceTree = "<group>"; };
		93C461D32F22EE4700A8F084 /* WishlistView.swift */ = {isa = PBXFileReference; lastKnownFileType = sourcecode.swift; path = WishlistView.swift; sourceTree = "<group>"; };
		93C461D52F22EF5300A8F084 /* StatsView.swift */ = {isa = PBXFileReference; lastKnownFileType = sourcecode.swift; path = StatsView.swift; sourceTree = "<group>"; };
		93C461D72F22F02300A8F084 /* CollectionComponents.swift */ = {isa = PBXFileReference; lastKnownFileType = sourcecode.swift; path = CollectionComponents.swift; sourceTree = "<group>"; };
		93C461E12F2511DA00A8F084 /* FamilyDetailView.swift */ = {isa = PBXFileReference; lastKnownFileType = sourcecode.swift; path = FamilyDetailView.swift; sourceTree = "<group>"; };
		93C461E32F251D5400A8F084 /* SetResponse.swift */ = {isa = PBXFileReference; lastKnownFileType = sourcecode.swift; path = SetResponse.swift; sourceTree = "<group>"; };
		93C461E52F251D6600A8F084 /* BarcodeScannerView.swift */ = {isa = PBXFileReference; lastKnownFileType = sourcecode.swift; path = BarcodeScannerView.swift; sourceTree = "<group>"; };
		93C461E72F251D8200A8F084 /* ScannedSetPickerSheet.swift */ = {isa = PBXFileReference; lastKnownFileType = sourcecode.swift; path = ScannedSetPickerSheet.swift; sourceTree = "<group>"; };
		93C461E92F2524B300A8F084 /* APIStats.swift */ = {isa = PBXFileReference; lastKnownFileType = sourcecode.swift; path = APIStats.swift; sourceTree = "<group>"; };
		93C461EB2F259F0000A8F084 /* AppSettings.swift */ = {isa = PBXFileReference; lastKnownFileType = sourcecode.swift; path = AppSettings.swift; sourceTree = "<group>"; };
		93C461ED2F259F2000A8F084 /* PurchaseDetailsSheet.swift */ = {isa = PBXFileReference; lastKnownFileType = sourcecode.swift; path = PurchaseDetailsSheet.swift; sourceTree = "<group>"; };
		93C461EF2F26696700A8F084 /* ImageCacheManager.swift */ = {isa = PBXFileReference; lastKnownFileType = sourcecode.swift; path = ImageCacheManager.swift; sourceTree = "<group>"; };
		93C461F12F26699200A8F084 /* BackupManager.swift */ = {isa = PBXFileReference; lastKnownFileType = sourcecode.swift; path = BackupManager.swift; sourceTree = "<group>"; };
		93C461F52F26AEFB00A8F084 /* AboutView.swift */ = {isa = PBXFileReference; lastKnownFileType = sourcecode.swift; path = AboutView.swift; sourceTree = "<group>"; };
		93C462212F26DD9B00A8F084 /* Colours.swift */ = {isa = PBXFileReference; lastKnownFileType = sourcecode.swift; path = Colours.swift; sourceTree = "<group>"; };
		93C4623B2F26E5B000A8F084 /* VariantPhoto.swift */ = {isa = PBXFileReference; lastKnownFileType = sourcecode.swift; path = VariantPhoto.swift; sourceTree = "<group>"; };
		93C4623D2F26E5E200A8F084 /* PhotoPickerSheet.swift */ = {isa = PBXFileReference; lastKnownFileType = sourcecode.swift; path = PhotoPickerSheet.swift; sourceTree = "<group>"; };
		93C4623F2F26E5EC00A8F084 /* PhotoGallerySection.swift */ = {isa = PBXFileReference; lastKnownFileType = sourcecode.swift; path = PhotoGallerySection.swift; sourceTree = "<group>"; };
		93C462412F26E5F800A8F084 /* PhotoDetailView.swift */ = {isa = PBXFileReference; lastKnownFileType = sourcecode.swift; path = PhotoDetailView.swift; sourceTree = "<group>"; };
		93C462432F26E8BD00A8F084 /* VariantPhoto+Helpers.swift */ = {isa = PBXFileReference; lastKnownFileType = sourcecode.swift; path = "VariantPhoto+Helpers.swift"; sourceTree = "<group>"; };
		93C4625D2F27B6D400A8F084 /* CachedAsyncImage.swift */ = {isa = PBXFileReference; lastKnownFileType = sourcecode.swift; path = CachedAsyncImage.swift; sourceTree = "<group>"; };
		93C462772F27F31500A8F084 /* CritterExtensions.swift */ = {isa = PBXFileReference; lastKnownFileType = sourcecode.swift; path = CritterExtensions.swift; sourceTree = "<group>"; };
/* End PBXFileReference section */

/* Begin PBXFileSystemSynchronizedRootGroup section */
		937B9F3D2F2023AC00C08885 /* CalicCollectionV2 */ = {
			isa = PBXFileSystemSynchronizedRootGroup;
			path = CalicCollectionV2;
			sourceTree = "<group>";
		};
		937B9F4D2F2023AD00C08885 /* CalicCollectionV2Tests */ = {
			isa = PBXFileSystemSynchronizedRootGroup;
			path = CalicCollectionV2Tests;
			sourceTree = "<group>";
		};
		937B9F572F2023AD00C08885 /* CalicCollectionV2UITests */ = {
			isa = PBXFileSystemSynchronizedRootGroup;
			path = CalicCollectionV2UITests;
			sourceTree = "<group>";
		};
/* End PBXFileSystemSynchronizedRootGroup section */

/* Begin PBXFrameworksBuildPhase section */
		937B9F382F2023AC00C08885 /* Frameworks */ = {
			isa = PBXFrameworksBuildPhase;
			buildActionMask = 2147483647;
			files = (
			);
			runOnlyForDeploymentPostprocessing = 0;
		};
		937B9F472F2023AD00C08885 /* Frameworks */ = {
			isa = PBXFrameworksBuildPhase;
			buildActionMask = 2147483647;
			files = (
			);
			runOnlyForDeploymentPostprocessing = 0;
		};
		937B9F512F2023AD00C08885 /* Frameworks */ = {
			isa = PBXFrameworksBuildPhase;
			buildActionMask = 2147483647;
			files = (
			);
			runOnlyForDeploymentPostprocessing = 0;
		};
/* End PBXFrameworksBuildPhase section */

/* Begin PBXGroup section */
		937B9F322F2023AC00C08885 = {
			isa = PBXGroup;
			children = (
				937B9F912F202C8400C08885 /* info.plist */,
				937B9F672F2023D800C08885 /* App */,
				937B9F3D2F2023AC00C08885 /* CalicCollectionV2 */,
				937B9F4D2F2023AD00C08885 /* CalicCollectionV2Tests */,
				937B9F572F2023AD00C08885 /* CalicCollectionV2UITests */,
				937B9F3C2F2023AC00C08885 /* Products */,
			);
			sourceTree = "<group>";
		};
		937B9F3C2F2023AC00C08885 /* Products */ = {
			isa = PBXGroup;
			children = (
				937B9F3B2F2023AC00C08885 /* CalicCollectionV2.app */,
				937B9F4A2F2023AD00C08885 /* CalicCollectionV2Tests.xctest */,
				937B9F542F2023AD00C08885 /* CalicCollectionV2UITests.xctest */,
			);
			name = Products;
			sourceTree = "<group>";
		};
		937B9F672F2023D800C08885 /* App */ = {
			isa = PBXGroup;
			children = (
				937B9F3E2F2023AC00C08885 /* CalicCollectionV2App.swift */,
				937B9F6B2F2023F200C08885 /* Helpers */,
				937B9F682F2023DC00C08885 /* Models */,
				937B9F692F2023E400C08885 /* Services */,
				937B9F6A2F2023EB00C08885 /* Views */,
			);
			path = App;
			sourceTree = "<group>";
		};
		937B9F682F2023DC00C08885 /* Models */ = {
			isa = PBXGroup;
			children = (
				937B9F6D2F20240500C08885 /* Domain */,
				937B9F6C2F2023FC00C08885 /* API */,
			);
			path = Models;
			sourceTree = "<group>";
		};
		937B9F692F2023E400C08885 /* Services */ = {
			isa = PBXGroup;
			children = (
				93C4625D2F27B6D400A8F084 /* CachedAsyncImage.swift */,
				93C461F12F26699200A8F084 /* BackupManager.swift */,
				93C461EF2F26696700A8F084 /* ImageCacheManager.swift */,
				93C461E92F2524B300A8F084 /* APIStats.swift */,
				937B9F852F20259900C08885 /* SyncService.swift */,
				937B9F832F20259100C08885 /* APIService.swift */,
			);
			path = Services;
			sourceTree = "<group>";
		};
		937B9F6A2F2023EB00C08885 /* Views */ = {
			isa = PBXGroup;
			children = (
				937B9F6F2F20241700C08885 /* Collection */,
				937B9F722F20242E00C08885 /* Components */,
				937B9F402F2023AC00C08885 /* ContentView.swift */,
				93C461E02F2511A100A8F084 /* Family Detail */,
				937B9F8D2F202A0E00C08885 /* FirstSyncView.swift */,
				937B9F6E2F20241200C08885 /* Search */,
				937B9F712F20242500C08885 /* Settings */,
				937B9F702F20241D00C08885 /* Wishlist */,
			);
			path = Views;
			sourceTree = "<group>";
		};
		937B9F6B2F2023F200C08885 /* Helpers */ = {
			isa = PBXGroup;
			children = (
				93C462772F27F31500A8F084 /* CritterExtensions.swift */,
				93C462432F26E8BD00A8F084 /* VariantPhoto+Helpers.swift */,
				93C462212F26DD9B00A8F084 /* Colours.swift */,
				93C461C22F22D4B300A8F084 /* ToastManager.swift */,
			);
			path = Helpers;
			sourceTree = "<group>";
		};
		937B9F6C2F2023FC00C08885 /* API */ = {
			isa = PBXGroup;
			children = (
				93C461E32F251D5400A8F084 /* SetResponse.swift */,
				937B9F772F20249800C08885 /* CritterResponse.swift */,
				937B9F752F20248700C08885 /* VariantResponse.swift */,
				937B9F732F20247800C08885 /* FamilyResponse.swift */,
			);
			path = API;
			sourceTree = "<group>";
		};
		937B9F6D2F20240500C08885 /* Domain */ = {
			isa = PBXGroup;
			children = (
				93C4623B2F26E5B000A8F084 /* VariantPhoto.swift */,
				937B9F812F20254800C08885 /* CritterStatus.swift */,
				937B9F7F2F20250800C08885 /* OwnedVariant.swift */,
				937B9F7D2F20250200C08885 /* Family.swift */,
				937B9F7B2F2024F800C08885 /* CritterVariant.swift */,
				937B9F792F2024EF00C08885 /* Critter.swift */,
			);
			path = Domain;
			sourceTree = "<group>";
		};
		937B9F6E2F20241200C08885 /* Search */ = {
			isa = PBXGroup;
			children = (
				93C461E52F251D6600A8F084 /* BarcodeScannerView.swift */,
				937B9F8B2F2028E300C08885 /* CritterDetailView.swift */,
				93C461E72F251D8200A8F084 /* ScannedSetPickerSheet.swift */,
				937B9F872F20282400C08885 /* SearchView.swift */,
				93C461CC2F22EB3100A8F084 /* VariantDetailView.swift */,
				937B9F892F2028CF00C08885 /* VariantPicker.swift */,
			);
			path = Search;
			sourceTree = "<group>";
		};
		937B9F6F2F20241700C08885 /* Collection */ = {
			isa = PBXGroup;
			children = (
				93C462412F26E5F800A8F084 /* PhotoDetailView.swift */,
				93C4623F2F26E5EC00A8F084 /* PhotoGallerySection.swift */,
				93C4623D2F26E5E200A8F084 /* PhotoPickerSheet.swift */,
				93C461ED2F259F2000A8F084 /* PurchaseDetailsSheet.swift */,
				93C461D52F22EF5300A8F084 /* StatsView.swift */,
				93C461CE2F22EC5F00A8F084 /* CollectionView.swift */,
			);
			path = Collection;
			sourceTree = "<group>";
		};
		937B9F702F20241D00C08885 /* Wishlist */ = {
			isa = PBXGroup;
			children = (
				93C461D32F22EE4700A8F084 /* WishlistView.swift */,
			);
			path = Wishlist;
			sourceTree = "<group>";
		};
		937B9F712F20242500C08885 /* Settings */ = {
			isa = PBXGroup;
			children = (
				93C461F52F26AEFB00A8F084 /* AboutView.swift */,
				93C461EB2F259F0000A8F084 /* AppSettings.swift */,
				93C461CA2F22D65600A8F084 /* SettingsView.swift */,
				937B9F8F2F202B6800C08885 /* Config.swift */,
			);
			path = Settings;
			sourceTree = "<group>";
		};
		937B9F722F20242E00C08885 /* Components */ = {
			isa = PBXGroup;
			children = (
				93C461D72F22F02300A8F084 /* CollectionComponents.swift */,
				93C461D02F22EE1800A8F084 /* OwnedVariantsView.swift */,
			);
			path = Components;
			sourceTree = "<group>";
		};
		93C461E02F2511A100A8F084 /* Family Detail */ = {
			isa = PBXGroup;
			children = (
				93C461E12F2511DA00A8F084 /* FamilyDetailView.swift */,
			);
			path = "Family Detail";
			sourceTree = "<group>";
		};
/* End PBXGroup section */

/* Begin PBXNativeTarget section */
		937B9F3A2F2023AC00C08885 /* CalicCollectionV2 */ = {
			isa = PBXNativeTarget;
			buildConfigurationList = 937B9F5E2F2023AD00C08885 /* Build configuration list for PBXNativeTarget "CalicCollectionV2" */;
			buildPhases = (
				937B9F372F2023AC00C08885 /* Sources */,
				937B9F382F2023AC00C08885 /* Frameworks */,
				937B9F392F2023AC00C08885 /* Resources */,
			);
			buildRules = (
			);
			dependencies = (
			);
			fileSystemSynchronizedGroups = (
				937B9F3D2F2023AC00C08885 /* CalicCollectionV2 */,
			);
			name = CalicCollectionV2;
			packageProductDependencies = (
			);
			productName = CalicCollectionV2;
			productReference = 937B9F3B2F2023AC00C08885 /* CalicCollectionV2.app */;
			productType = "com.apple.product-type.application";
		};
		937B9F492F2023AD00C08885 /* CalicCollectionV2Tests */ = {
			isa = PBXNativeTarget;
			buildConfigurationList = 937B9F612F2023AD00C08885 /* Build configuration list for PBXNativeTarget "CalicCollectionV2Tests" */;
			buildPhases = (
				937B9F462F2023AD00C08885 /* Sources */,
				937B9F472F2023AD00C08885 /* Frameworks */,
				937B9F482F2023AD00C08885 /* Resources */,
			);
			buildRules = (
			);
			dependencies = (
				937B9F4C2F2023AD00C08885 /* PBXTargetDependency */,
			);
			fileSystemSynchronizedGroups = (
				937B9F4D2F2023AD00C08885 /* CalicCollectionV2Tests */,
			);
			name = CalicCollectionV2Tests;
			packageProductDependencies = (
			);
			productName = CalicCollectionV2Tests;
			productReference = 937B9F4A2F2023AD00C08885 /* CalicCollectionV2Tests.xctest */;
			productType = "com.apple.product-type.bundle.unit-test";
		};
		937B9F532F2023AD00C08885 /* CalicCollectionV2UITests */ = {
			isa = PBXNativeTarget;
			buildConfigurationList = 937B9F642F2023AD00C08885 /* Build configuration list for PBXNativeTarget "CalicCollectionV2UITests" */;
			buildPhases = (
				937B9F502F2023AD00C08885 /* Sources */,
				937B9F512F2023AD00C08885 /* Frameworks */,
				937B9F522F2023AD00C08885 /* Resources */,
			);
			buildRules = (
			);
			dependencies = (
				937B9F562F2023AD00C08885 /* PBXTargetDependency */,
			);
			fileSystemSynchronizedGroups = (
				937B9F572F2023AD00C08885 /* CalicCollectionV2UITests */,
			);
			name = CalicCollectionV2UITests;
			packageProductDependencies = (
			);
			productName = CalicCollectionV2UITests;
			productReference = 937B9F542F2023AD00C08885 /* CalicCollectionV2UITests.xctest */;
			productType = "com.apple.product-type.bundle.ui-testing";
		};
/* End PBXNativeTarget section */

/* Begin PBXProject section */
		937B9F332F2023AC00C08885 /* Project object */ = {
			isa = PBXProject;
			attributes = {
				BuildIndependentTargetsInParallel = 1;
				LastSwiftUpdateCheck = 2620;
				LastUpgradeCheck = 2620;
				TargetAttributes = {
					937B9F3A2F2023AC00C08885 = {
						CreatedOnToolsVersion = 26.2;
					};
					937B9F492F2023AD00C08885 = {
						CreatedOnToolsVersion = 26.2;
						TestTargetID = 937B9F3A2F2023AC00C08885;
					};
					937B9F532F2023AD00C08885 = {
						CreatedOnToolsVersion = 26.2;
						TestTargetID = 937B9F3A2F2023AC00C08885;
					};
				};
			};
			buildConfigurationList = 937B9F362F2023AC00C08885 /* Build configuration list for PBXProject "CalicCollectionV2" */;
			developmentRegion = en;
			hasScannedForEncodings = 0;
			knownRegions = (
				en,
				Base,
			);
			mainGroup = 937B9F322F2023AC00C08885;
			minimizedProjectReferenceProxies = 1;
			preferredProjectObjectVersion = 77;
			productRefGroup = 937B9F3C2F2023AC00C08885 /* Products */;
			projectDirPath = "";
			projectRoot = "";
			targets = (
				937B9F3A2F2023AC00C08885 /* CalicCollectionV2 */,
				937B9F492F2023AD00C08885 /* CalicCollectionV2Tests */,
				937B9F532F2023AD00C08885 /* CalicCollectionV2UITests */,
			);
		};
/* End PBXProject section */

/* Begin PBXResourcesBuildPhase section */
		937B9F392F2023AC00C08885 /* Resources */ = {
			isa = PBXResourcesBuildPhase;
			buildActionMask = 2147483647;
			files = (
			);
			runOnlyForDeploymentPostprocessing = 0;
		};
		937B9F482F2023AD00C08885 /* Resources */ = {
			isa = PBXResourcesBuildPhase;
			buildActionMask = 2147483647;
			files = (
			);
			runOnlyForDeploymentPostprocessing = 0;
		};
		937B9F522F2023AD00C08885 /* Resources */ = {
			isa = PBXResourcesBuildPhase;
			buildActionMask = 2147483647;
			files = (
			);
			runOnlyForDeploymentPostprocessing = 0;
		};
/* End PBXResourcesBuildPhase section */

/* Begin PBXSourcesBuildPhase section */
		937B9F372F2023AC00C08885 /* Sources */ = {
			isa = PBXSourcesBuildPhase;
			buildActionMask = 2147483647;
			files = (
				937B9F742F20247B00C08885 /* FamilyResponse.swift in Sources */,
				93C461CD2F22EB3400A8F084 /* VariantDetailView.swift in Sources */,
				937B9F7C2F2024FB00C08885 /* CritterVariant.swift in Sources */,
				93C461E22F2511DA00A8F084 /* FamilyDetailView.swift in Sources */,
				937B9F7E2F20250300C08885 /* Family.swift in Sources */,
				93C461C32F22D4BB00A8F084 /* ToastManager.swift in Sources */,
				93C461E82F251D8200A8F084 /* ScannedSetPickerSheet.swift in Sources */,
				93C462222F26DD9D00A8F084 /* Colours.swift in Sources */,
				93C462422F26E5F800A8F084 /* PhotoDetailView.swift in Sources */,
				93C461D82F22F02600A8F084 /* CollectionComponents.swift in Sources */,
				937B9F762F20248C00C08885 /* VariantResponse.swift in Sources */,
				937B9F902F202B7400C08885 /* Config.swift in Sources */,
				937B9F862F20259D00C08885 /* SyncService.swift in Sources */,
				937B9F8A2F2028D300C08885 /* VariantPicker.swift in Sources */,
				93C461EA2F2524B300A8F084 /* APIStats.swift in Sources */,
				93C461F22F26699B00A8F084 /* BackupManager.swift in Sources */,
				93C461CF2F22EC6100A8F084 /* CollectionView.swift in Sources */,
				937B9F782F20249B00C08885 /* CritterResponse.swift in Sources */,
				93C462442F26E8C400A8F084 /* VariantPhoto+Helpers.swift in Sources */,
				93C461EE2F259F2000A8F084 /* PurchaseDetailsSheet.swift in Sources */,
				937B9F802F20250A00C08885 /* OwnedVariant.swift in Sources */,
				93C462402F26E5EC00A8F084 /* PhotoGallerySection.swift in Sources */,
				93C461D42F22EE4A00A8F084 /* WishlistView.swift in Sources */,
				937B9F412F2023AC00C08885 /* ContentView.swift in Sources */,
				93C461E42F251D5400A8F084 /* SetResponse.swift in Sources */,
				93C461F02F26696700A8F084 /* ImageCacheManager.swift in Sources */,
				937B9F8C2F2028E600C08885 /* CritterDetailView.swift in Sources */,
				937B9F882F20282600C08885 /* SearchView.swift in Sources */,
				937B9F822F20254B00C08885 /* CritterStatus.swift in Sources */,
				93C461D12F22EE1C00A8F084 /* OwnedVariantsView.swift in Sources */,
				93C461EC2F259F0000A8F084 /* AppSettings.swift in Sources */,
				937B9F7A2F2024F100C08885 /* Critter.swift in Sources */,
				937B9F842F20259400C08885 /* APIService.swift in Sources */,
				93C461F62F26AEFB00A8F084 /* AboutView.swift in Sources */,
				93C461D62F22EF5500A8F084 /* StatsView.swift in Sources */,
				93C4623C2F26E5B000A8F084 /* VariantPhoto.swift in Sources */,
				93C461E62F251D6600A8F084 /* BarcodeScannerView.swift in Sources */,
				93C4623E2F26E5E200A8F084 /* PhotoPickerSheet.swift in Sources */,
				937B9F8E2F202A1000C08885 /* FirstSyncView.swift in Sources */,
				937B9F3F2F2023AC00C08885 /* CalicCollectionV2App.swift in Sources */,
				93C462782F27F31C00A8F084 /* CritterExtensions.swift in Sources */,
				93C4625E2F27B6D400A8F084 /* CachedAsyncImage.swift in Sources */,
				93C461CB2F22D65B00A8F084 /* SettingsView.swift in Sources */,
			);
			runOnlyForDeploymentPostprocessing = 0;
		};
		937B9F462F2023AD00C08885 /* Sources */ = {
			isa = PBXSourcesBuildPhase;
			buildActionMask = 2147483647;
			files = (
			);
			runOnlyForDeploymentPostprocessing = 0;
		};
		937B9F502F2023AD00C08885 /* Sources */ = {
			isa = PBXSourcesBuildPhase;
			buildActionMask = 2147483647;
			files = (
			);
			runOnlyForDeploymentPostprocessing = 0;
		};
/* End PBXSourcesBuildPhase section */

/* Begin PBXTargetDependency section */
		937B9F4C2F2023AD00C08885 /* PBXTargetDependency */ = {
			isa = PBXTargetDependency;
			target = 937B9F3A2F2023AC00C08885 /* CalicCollectionV2 */;
			targetProxy = 937B9F4B2F2023AD00C08885 /* PBXContainerItemProxy */;
		};
		937B9F562F2023AD00C08885 /* PBXTargetDependency */ = {
			isa = PBXTargetDependency;
			target = 937B9F3A2F2023AC00C08885 /* CalicCollectionV2 */;
			targetProxy = 937B9F552F2023AD00C08885 /* PBXContainerItemProxy */;
		};
/* End PBXTargetDependency section */

/* Begin XCBuildConfiguration section */
		937B9F5C2F2023AD00C08885 /* Debug */ = {
			isa = XCBuildConfiguration;
			buildSettings = {
				ALWAYS_SEARCH_USER_PATHS = NO;
				ASSETCATALOG_COMPILER_GENERATE_SWIFT_ASSET_SYMBOL_EXTENSIONS = YES;
				CLANG_ANALYZER_NONNULL = YES;
				CLANG_ANALYZER_NUMBER_OBJECT_CONVERSION = YES_AGGRESSIVE;
				CLANG_CXX_LANGUAGE_STANDARD = "gnu++20";
				CLANG_ENABLE_MODULES = YES;
				CLANG_ENABLE_OBJC_ARC = YES;
				CLANG_ENABLE_OBJC_WEAK = YES;
				CLANG_WARN_BLOCK_CAPTURE_AUTORELEASING = YES;
				CLANG_WARN_BOOL_CONVERSION = YES;
				CLANG_WARN_COMMA = YES;
				CLANG_WARN_CONSTANT_CONVERSION = YES;
				CLANG_WARN_DEPRECATED_OBJC_IMPLEMENTATIONS = YES;
				CLANG_WARN_DIRECT_OBJC_ISA_USAGE = YES_ERROR;
				CLANG_WARN_DOCUMENTATION_COMMENTS = YES;
				CLANG_WARN_EMPTY_BODY = YES;
				CLANG_WARN_ENUM_CONVERSION = YES;
				CLANG_WARN_INFINITE_RECURSION = YES;
				CLANG_WARN_INT_CONVERSION = YES;
				CLANG_WARN_NON_LITERAL_NULL_CONVERSION = YES;
				CLANG_WARN_OBJC_IMPLICIT_RETAIN_SELF = YES;
				CLANG_WARN_OBJC_LITERAL_CONVERSION = YES;
				CLANG_WARN_OBJC_ROOT_CLASS = YES_ERROR;
				CLANG_WARN_QUOTED_INCLUDE_IN_FRAMEWORK_HEADER = YES;
				CLANG_WARN_RANGE_LOOP_ANALYSIS = YES;
				CLANG_WARN_STRICT_PROTOTYPES = YES;
				CLANG_WARN_SUSPICIOUS_MOVE = YES;
				CLANG_WARN_UNGUARDED_AVAILABILITY = YES_AGGRESSIVE;
				CLANG_WARN_UNREACHABLE_CODE = YES;
				CLANG_WARN__DUPLICATE_METHOD_MATCH = YES;
				COPY_PHASE_STRIP = NO;
				DEBUG_INFORMATION_FORMAT = dwarf;
				DEVELOPMENT_TEAM = 47QE7X5PR9;
				ENABLE_STRICT_OBJC_MSGSEND = YES;
				ENABLE_TESTABILITY = YES;
				ENABLE_USER_SCRIPT_SANDBOXING = YES;
				GCC_C_LANGUAGE_STANDARD = gnu17;
				GCC_DYNAMIC_NO_PIC = NO;
				GCC_NO_COMMON_BLOCKS = YES;
				GCC_OPTIMIZATION_LEVEL = 0;
				GCC_PREPROCESSOR_DEFINITIONS = (
					"DEBUG=1",
					"$(inherited)",
				);
				GCC_WARN_64_TO_32_BIT_CONVERSION = YES;
				GCC_WARN_ABOUT_RETURN_TYPE = YES_ERROR;
				GCC_WARN_UNDECLARED_SELECTOR = YES;
				GCC_WARN_UNINITIALIZED_AUTOS = YES_AGGRESSIVE;
				GCC_WARN_UNUSED_FUNCTION = YES;
				GCC_WARN_UNUSED_VARIABLE = YES;
				IPHONEOS_DEPLOYMENT_TARGET = 26.2;
				LOCALIZATION_PREFERS_STRING_CATALOGS = YES;
				MTL_ENABLE_DEBUG_INFO = INCLUDE_SOURCE;
				MTL_FAST_MATH = YES;
				ONLY_ACTIVE_ARCH = YES;
				SDKROOT = iphoneos;
				SWIFT_ACTIVE_COMPILATION_CONDITIONS = "DEBUG $(inherited)";
				SWIFT_OPTIMIZATION_LEVEL = "-Onone";
			};
			name = Debug;
		};
		937B9F5D2F2023AD00C08885 /* Release */ = {
			isa = XCBuildConfiguration;
			buildSettings = {
				ALWAYS_SEARCH_USER_PATHS = NO;
				ASSETCATALOG_COMPILER_GENERATE_SWIFT_ASSET_SYMBOL_EXTENSIONS = YES;
				CLANG_ANALYZER_NONNULL = YES;
				CLANG_ANALYZER_NUMBER_OBJECT_CONVERSION = YES_AGGRESSIVE;
				CLANG_CXX_LANGUAGE_STANDARD = "gnu++20";
				CLANG_ENABLE_MODULES = YES;
				CLANG_ENABLE_OBJC_ARC = YES;
				CLANG_ENABLE_OBJC_WEAK = YES;
				CLANG_WARN_BLOCK_CAPTURE_AUTORELEASING = YES;
				CLANG_WARN_BOOL_CONVERSION = YES;
				CLANG_WARN_COMMA = YES;
				CLANG_WARN_CONSTANT_CONVERSION = YES;
				CLANG_WARN_DEPRECATED_OBJC_IMPLEMENTATIONS = YES;
				CLANG_WARN_DIRECT_OBJC_ISA_USAGE = YES_ERROR;
				CLANG_WARN_DOCUMENTATION_COMMENTS = YES;
				CLANG_WARN_EMPTY_BODY = YES;
				CLANG_WARN_ENUM_CONVERSION = YES;
				CLANG_WARN_INFINITE_RECURSION = YES;
				CLANG_WARN_INT_CONVERSION = YES;
				CLANG_WARN_NON_LITERAL_NULL_CONVERSION = YES;
				CLANG_WARN_OBJC_IMPLICIT_RETAIN_SELF = YES;
				CLANG_WARN_OBJC_LITERAL_CONVERSION = YES;
				CLANG_WARN_OBJC_ROOT_CLASS = YES_ERROR;
				CLANG_WARN_QUOTED_INCLUDE_IN_FRAMEWORK_HEADER = YES;
				CLANG_WARN_RANGE_LOOP_ANALYSIS = YES;
				CLANG_WARN_STRICT_PROTOTYPES = YES;
				CLANG_WARN_SUSPICIOUS_MOVE = YES;
				CLANG_WARN_UNGUARDED_AVAILABILITY = YES_AGGRESSIVE;
				CLANG_WARN_UNREACHABLE_CODE = YES;
				CLANG_WARN__DUPLICATE_METHOD_MATCH = YES;
				COPY_PHASE_STRIP = NO;
				DEBUG_INFORMATION_FORMAT = "dwarf-with-dsym";
				DEVELOPMENT_TEAM = 47QE7X5PR9;
				ENABLE_NS_ASSERTIONS = NO;
				ENABLE_STRICT_OBJC_MSGSEND = YES;
				ENABLE_USER_SCRIPT_SANDBOXING = YES;
				GCC_C_LANGUAGE_STANDARD = gnu17;
				GCC_NO_COMMON_BLOCKS = YES;
				GCC_WARN_64_TO_32_BIT_CONVERSION = YES;
				GCC_WARN_ABOUT_RETURN_TYPE = YES_ERROR;
				GCC_WARN_UNDECLARED_SELECTOR = YES;
				GCC_WARN_UNINITIALIZED_AUTOS = YES_AGGRESSIVE;
				GCC_WARN_UNUSED_FUNCTION = YES;
				GCC_WARN_UNUSED_VARIABLE = YES;
				IPHONEOS_DEPLOYMENT_TARGET = 26.2;
				LOCALIZATION_PREFERS_STRING_CATALOGS = YES;
				MTL_ENABLE_DEBUG_INFO = NO;
				MTL_FAST_MATH = YES;
				SDKROOT = iphoneos;
				SWIFT_COMPILATION_MODE = wholemodule;
				VALIDATE_PRODUCT = YES;
			};
			name = Release;
		};
		937B9F5F2F2023AD00C08885 /* Debug */ = {
			isa = XCBuildConfiguration;
			buildSettings = {
				ASSETCATALOG_COMPILER_APPICON_NAME = AppIcon;
				ASSETCATALOG_COMPILER_GLOBAL_ACCENT_COLOR_NAME = AccentColor;
				CODE_SIGN_STYLE = Automatic;
				CURRENT_PROJECT_VERSION = 1;
				DEVELOPMENT_TEAM = 47QE7X5PR9;
				ENABLE_PREVIEWS = YES;
				GENERATE_INFOPLIST_FILE = NO;
				INFOPLIST_FILE = info.plist;
				INFOPLIST_KEY_UIApplicationSceneManifest_Generation = YES;
				INFOPLIST_KEY_UIApplicationSupportsIndirectInputEvents = YES;
				INFOPLIST_KEY_UILaunchScreen_Generation = YES;
				INFOPLIST_KEY_UISupportedInterfaceOrientations_iPad = "UIInterfaceOrientationPortrait UIInterfaceOrientationPortraitUpsideDown UIInterfaceOrientationLandscapeLeft UIInterfaceOrientationLandscapeRight";
				INFOPLIST_KEY_UISupportedInterfaceOrientations_iPhone = "UIInterfaceOrientationPortrait UIInterfaceOrientationLandscapeLeft UIInterfaceOrientationLandscapeRight";
				LD_RUNPATH_SEARCH_PATHS = (
					"$(inherited)",
					"@executable_path/Frameworks",
				);
				MARKETING_VERSION = 1.0;
				PRODUCT_BUNDLE_IDENTIFIER = com.thetechnodro.me.CaliCollectionV2;
				PRODUCT_NAME = "$(TARGET_NAME)";
				STRING_CATALOG_GENERATE_SYMBOLS = YES;
				SWIFT_APPROACHABLE_CONCURRENCY = YES;
				SWIFT_DEFAULT_ACTOR_ISOLATION = MainActor;
				SWIFT_EMIT_LOC_STRINGS = YES;
				SWIFT_UPCOMING_FEATURE_MEMBER_IMPORT_VISIBILITY = YES;
				SWIFT_VERSION = 5.0;
				TARGETED_DEVICE_FAMILY = "1,2";
			};
			name = Debug;
		};
		937B9F602F2023AD00C08885 /* Release */ = {
			isa = XCBuildConfiguration;
			buildSettings = {
				ASSETCATALOG_COMPILER_APPICON_NAME = AppIcon;
				ASSETCATALOG_COMPILER_GLOBAL_ACCENT_COLOR_NAME = AccentColor;
				CODE_SIGN_STYLE = Automatic;
				CURRENT_PROJECT_VERSION = 1;
				DEVELOPMENT_TEAM = 47QE7X5PR9;
				ENABLE_PREVIEWS = YES;
				GENERATE_INFOPLIST_FILE = NO;
				INFOPLIST_FILE = info.plist;
				INFOPLIST_KEY_UIApplicationSceneManifest_Generation = YES;
				INFOPLIST_KEY_UIApplicationSupportsIndirectInputEvents = YES;
				INFOPLIST_KEY_UILaunchScreen_Generation = YES;
				INFOPLIST_KEY_UISupportedInterfaceOrientations_iPad = "UIInterfaceOrientationPortrait UIInterfaceOrientationPortraitUpsideDown UIInterfaceOrientationLandscapeLeft UIInterfaceOrientationLandscapeRight";
				INFOPLIST_KEY_UISupportedInterfaceOrientations_iPhone = "UIInterfaceOrientationPortrait UIInterfaceOrientationLandscapeLeft UIInterfaceOrientationLandscapeRight";
				LD_RUNPATH_SEARCH_PATHS = (
					"$(inherited)",
					"@executable_path/Frameworks",
				);
				MARKETING_VERSION = 1.0;
				PRODUCT_BUNDLE_IDENTIFIER = com.thetechnodro.me.CaliCollectionV2;
				PRODUCT_NAME = "$(TARGET_NAME)";
				STRING_CATALOG_GENERATE_SYMBOLS = YES;
				SWIFT_APPROACHABLE_CONCURRENCY = YES;
				SWIFT_DEFAULT_ACTOR_ISOLATION = MainActor;
				SWIFT_EMIT_LOC_STRINGS = YES;
				SWIFT_UPCOMING_FEATURE_MEMBER_IMPORT_VISIBILITY = YES;
				SWIFT_VERSION = 5.0;
				TARGETED_DEVICE_FAMILY = "1,2";
			};
			name = Release;
		};
		937B9F622F2023AD00C08885 /* Debug */ = {
			isa = XCBuildConfiguration;
			buildSettings = {
				BUNDLE_LOADER = "$(TEST_HOST)";
				CODE_SIGN_STYLE = Automatic;
				CURRENT_PROJECT_VERSION = 1;
				DEVELOPMENT_TEAM = 47QE7X5PR9;
				GENERATE_INFOPLIST_FILE = YES;
				IPHONEOS_DEPLOYMENT_TARGET = 26.2;
				MARKETING_VERSION = 1.0;
				PRODUCT_BUNDLE_IDENTIFIER = com.thetechnodro.me.CalicCollectionV2Tests;
				PRODUCT_NAME = "$(TARGET_NAME)";
				STRING_CATALOG_GENERATE_SYMBOLS = NO;
				SWIFT_APPROACHABLE_CONCURRENCY = YES;
				SWIFT_EMIT_LOC_STRINGS = NO;
				SWIFT_UPCOMING_FEATURE_MEMBER_IMPORT_VISIBILITY = YES;
				SWIFT_VERSION = 5.0;
				TARGETED_DEVICE_FAMILY = "1,2";
				TEST_HOST = "$(BUILT_PRODUCTS_DIR)/CalicCollectionV2.app/$(BUNDLE_EXECUTABLE_FOLDER_PATH)/CalicCollectionV2";
			};
			name = Debug;
		};
		937B9F632F2023AD00C08885 /* Release */ = {
			isa = XCBuildConfiguration;
			buildSettings = {
				BUNDLE_LOADER = "$(TEST_HOST)";
				CODE_SIGN_STYLE = Automatic;
				CURRENT_PROJECT_VERSION = 1;
				DEVELOPMENT_TEAM = 47QE7X5PR9;
				GENERATE_INFOPLIST_FILE = YES;
				IPHONEOS_DEPLOYMENT_TARGET = 26.2;
				MARKETING_VERSION = 1.0;
				PRODUCT_BUNDLE_IDENTIFIER = com.thetechnodro.me.CalicCollectionV2Tests;
				PRODUCT_NAME = "$(TARGET_NAME)";
				STRING_CATALOG_GENERATE_SYMBOLS = NO;
				SWIFT_APPROACHABLE_CONCURRENCY = YES;
				SWIFT_EMIT_LOC_STRINGS = NO;
				SWIFT_UPCOMING_FEATURE_MEMBER_IMPORT_VISIBILITY = YES;
				SWIFT_VERSION = 5.0;
				TARGETED_DEVICE_FAMILY = "1,2";
				TEST_HOST = "$(BUILT_PRODUCTS_DIR)/CalicCollectionV2.app/$(BUNDLE_EXECUTABLE_FOLDER_PATH)/CalicCollectionV2";
			};
			name = Release;
		};
		937B9F652F2023AD00C08885 /* Debug */ = {
			isa = XCBuildConfiguration;
			buildSettings = {
				CODE_SIGN_STYLE = Automatic;
				CURRENT_PROJECT_VERSION = 1;
				DEVELOPMENT_TEAM = 47QE7X5PR9;
				GENERATE_INFOPLIST_FILE = YES;
				MARKETING_VERSION = 1.0;
				PRODUCT_BUNDLE_IDENTIFIER = com.thetechnodro.me.CalicCollectionV2UITests;
				PRODUCT_NAME = "$(TARGET_NAME)";
				STRING_CATALOG_GENERATE_SYMBOLS = NO;
				SWIFT_APPROACHABLE_CONCURRENCY = YES;
				SWIFT_EMIT_LOC_STRINGS = NO;
				SWIFT_UPCOMING_FEATURE_MEMBER_IMPORT_VISIBILITY = YES;
				SWIFT_VERSION = 5.0;
				TARGETED_DEVICE_FAMILY = "1,2";
				TEST_TARGET_NAME = CalicCollectionV2;
			};
			name = Debug;
		};
		937B9F662F2023AD00C08885 /* Release */ = {
			isa = XCBuildConfiguration;
			buildSettings = {
				CODE_SIGN_STYLE = Automatic;
				CURRENT_PROJECT_VERSION = 1;
				DEVELOPMENT_TEAM = 47QE7X5PR9;
				GENERATE_INFOPLIST_FILE = YES;
				MARKETING_VERSION = 1.0;
				PRODUCT_BUNDLE_IDENTIFIER = com.thetechnodro.me.CalicCollectionV2UITests;
				PRODUCT_NAME = "$(TARGET_NAME)";
				STRING_CATALOG_GENERATE_SYMBOLS = NO;
				SWIFT_APPROACHABLE_CONCURRENCY = YES;
				SWIFT_EMIT_LOC_STRINGS = NO;
				SWIFT_UPCOMING_FEATURE_MEMBER_IMPORT_VISIBILITY = YES;
				SWIFT_VERSION = 5.0;
				TARGETED_DEVICE_FAMILY = "1,2";
				TEST_TARGET_NAME = CalicCollectionV2;
			};
			name = Release;
		};
/* End XCBuildConfiguration section */

/* Begin XCConfigurationList section */
		937B9F362F2023AC00C08885 /* Build configuration list for PBXProject "CalicCollectionV2" */ = {
			isa = XCConfigurationList;
			buildConfigurations = (
				937B9F5C2F2023AD00C08885 /* Debug */,
				937B9F5D2F2023AD00C08885 /* Release */,
			);
			defaultConfigurationIsVisible = 0;
			defaultConfigurationName = Release;
		};
		937B9F5E2F2023AD00C08885 /* Build configuration list for PBXNativeTarget "CalicCollectionV2" */ = {
			isa = XCConfigurationList;
			buildConfigurations = (
				937B9F5F2F2023AD00C08885 /* Debug */,
				937B9F602F2023AD00C08885 /* Release */,
			);
			defaultConfigurationIsVisible = 0;
			defaultConfigurationName = Release;
		};
		937B9F612F2023AD00C08885 /* Build configuration list for PBXNativeTarget "CalicCollectionV2Tests" */ = {
			isa = XCConfigurationList;
			buildConfigurations = (
				937B9F622F2023AD00C08885 /* Debug */,
				937B9F632F2023AD00C08885 /* Release */,
			);
			defaultConfigurationIsVisible = 0;
			defaultConfigurationName = Release;
		};
		937B9F642F2023AD00C08885 /* Build configuration list for PBXNativeTarget "CalicCollectionV2UITests" */ = {
			isa = XCConfigurationList;
			buildConfigurations = (
				937B9F652F2023AD00C08885 /* Debug */,
				937B9F662F2023AD00C08885 /* Release */,
			);
			defaultConfigurationIsVisible = 0;
			defaultConfigurationName = Release;
		};
/* End XCConfigurationList section */
	};
	rootObject = 937B9F332F2023AC00C08885 /* Project object */;
}
